
Microsoft Visual Studio Solution File, Format Version 12.00
# Visual Studio Version 17
VisualStudioVersion = 17.8.34309.116
MinimumVisualStudioVersion = 10.0.40219.1
Project("{FAE04EC0-301F-11D3-BF4B-00C04F79EFBC}") = "WindowsServiceDEKA", "WindowsServiceDEKA\WindowsServiceDEKA.csproj", "{516C4F49-C553-4C70-B1B1-4A8876D73961}"
EndProject
Project("{FAE04EC0-301F-11D3-BF4B-00C04F79EFBC}") = "DataAccess", "DataAccess\DataAccess.csproj", "{5F3B8847-E76A-4997-B42F-6F1CEC2965C2}"
EndProject
Global
	GlobalSection(SolutionConfigurationPlatforms) = preSolution
		Debug|Any CPU = Debug|Any CPU
		Release|Any CPU = Release|Any CPU
	EndGlobalSection
	GlobalSection(ProjectConfigurationPlatforms) = postSolution
		{516C4F49-C553-4C70-B1B1-4A8876D73961}.Debug|Any CPU.ActiveCfg = Debug|Any CPU
		{516C4F49-C553-4C70-B1B1-4A8876D73961}.Debug|Any CPU.Build.0 = Debug|Any CPU
		{516C4F49-C553-4C70-B1B1-4A8876D73961}.Release|Any CPU.ActiveCfg = Release|Any CPU
		{516C4F49-C553-4C70-B1B1-4A8876D73961}.Release|Any CPU.Build.0 = Release|Any CPU
		{5F3B8847-E76A-4997-B42F-6F1CEC2965C2}.Debug|Any CPU.ActiveCfg = Debug|Any CPU
		{5F3B8847-E76A-4997-B42F-6F1CEC2965C2}.Debug|Any CPU.Build.0 = Debug|Any CPU
		{5F3B8847-E76A-4997-B42F-6F1CEC2965C2}.Release|Any CPU.ActiveCfg = Release|Any CPU
		{5F3B8847-E76A-4997-B42F-6F1CEC2965C2}.Release|Any CPU.Build.0 = Release|Any CPU
	EndGlobalSection
	GlobalSection(SolutionProperties) = preSolution
		HideSolutionNode = FALSE
	EndGlobalSection
	GlobalSection(ExtensibilityGlobals) = postSolution
		SolutionGuid = {E8C844A6-C321-4756-BDFE-3832F0CC3702}
	EndGlobalSection
EndGlobal
